<?xml version="1.0" encoding="UTF-8" standalone="yes" ?>
<CodeBlocks_project_file>
	<FileVersion major="1" minor="6" />
	<Project>
		<Option title="Elecciones" />
		<Option pch_mode="2" />
		<Option compiler="gcc" />
		<Build>
			<Target title="default">
				<Option output="Elecciones" prefix_auto="1" extension_auto="1" />
				<Option type="1" />
				<Option compiler="gcc" />
			</Target>
		</Build>
		<Unit filename="Candidato.cpp" />
		<Unit filename="Candidato.h" />
		<Unit filename="CandidatosXProv.cpp" />
		<Unit filename="CandidatosXProv.h" />
		<Unit filename="Cola.cpp" />
		<Unit filename="Cola.h" />
		<Unit filename="Comparaciones.cpp" />
		<Unit filename="Comparaciones.h" />
		<Unit filename="Enumeradores.h" />
		<Unit filename="Lista.cpp" />
		<Unit filename="Lista.h" />
		<Unit filename="Mesa.cpp" />
		<Unit filename="Mesa.h" />
		<Unit filename="Partido.cpp" />
		<Unit filename="Partido.h" />
		<Unit filename="PartidosXProv.cpp" />
		<Unit filename="PartidosXProv.h" />
		<Unit filename="Pila.cpp" />
		<Unit filename="Pila.h" />
		<Unit filename="Provincia.cpp" />
		<Unit filename="Provincia.h" />
		<Unit filename="Test.cpp" />
		<Unit filename="Test.h" />
		<Unit filename="Urna.cpp" />
		<Unit filename="Urna.h" />
		<Unit filename="Voto.cpp" />
		<Unit filename="Voto.h" />
		<Unit filename="ediciondedatos.cpp" />
		<Unit filename="funciones.h" />
		<Unit filename="main.cpp" />
		<Unit filename="nuevatarea.cpp" />
		<Unit filename="sistemadevotacion.cpp" />
		<Extensions>
			<code_completion />
			<envvars />
			<debugger />
		</Extensions>
	</Project>
</CodeBlocks_project_file>
